<?xml version="1.0" encoding="utf-8"?>
<Project ToolsVersion="4.0" xmlns="http://schemas.microsoft.com/developer/msbuild/2003">
  <ItemGroup>
    <Filter Include="Source Files">
      <UniqueIdentifier>{4FC737F1-C7A5-4376-A066-2A32D752A2FF}</UniqueIdentifier>
      <Extensions>cpp;c;cc;cxx;def;odl;idl;hpj;bat;asm;asmx</Extensions>
    </Filter>
    <Filter Include="ExternalResourceManager">
      <UniqueIdentifier>{737ce435-176f-44f1-88d2-0af529344cbe}</UniqueIdentifier>
    </Filter>
    <Filter Include="Header Files">
      <UniqueIdentifier>{93995380-89BD-4b04-88EB-625FBE52EBFB}</UniqueIdentifier>
      <Extensions>h;hh;hpp;hxx;hm;inl;inc;xsd</Extensions>
    </Filter>
  </ItemGroup>
  <ItemGroup>
    <ClCompile Include="src\Entity.cpp">
      <Filter>Source Files</Filter>
    </ClCompile>
    <ClCompile Include="src\main.cpp">
      <Filter>Source Files</Filter>
    </ClCompile>
    <ClCompile Include="src\RenderSystem.cpp">
      <Filter>Source Files</Filter>
    </ClCompile>
    <ClCompile Include="src\System.cpp">
      <Filter>Source Files</Filter>
    </ClCompile>
    <ClCompile Include="External Dependencies\ResourceManager\JSONReader.cpp">
      <Filter>ExternalResourceManager</Filter>
    </ClCompile>
    <ClCompile Include="External Dependencies\ResourceManager\ResourceManager.cpp">
      <Filter>ExternalResourceManager</Filter>
    </ClCompile>
    <ClCompile Include="External Dependencies\SimpleJSON\JSON.cpp">
      <Filter>ExternalResourceManager</Filter>
    </ClCompile>
    <ClCompile Include="External Dependencies\SimpleJSON\JSONValue.cpp">
      <Filter>ExternalResourceManager</Filter>
    </ClCompile>
  </ItemGroup>
  <ItemGroup>
    <ClInclude Include="include\Component.h">
      <Filter>Header Files</Filter>
    </ClInclude>
    <ClInclude Include="include\Entity.h">
      <Filter>Header Files</Filter>
    </ClInclude>
    <ClInclude Include="include\Instance.h">
      <Filter>Header Files</Filter>
    </ClInclude>
    <ClInclude Include="include\PositionComponent.h">
      <Filter>Header Files</Filter>
    </ClInclude>
    <ClInclude Include="include\RenderSystem.h">
      <Filter>Header Files</Filter>
    </ClInclude>
    <ClInclude Include="include\SpriteComponent.h">
      <Filter>Header Files</Filter>
    </ClInclude>
    <ClInclude Include="include\stdafx.h">
      <Filter>Header Files</Filter>
    </ClInclude>
    <ClInclude Include="include\System.h">
      <Filter>Header Files</Filter>
    </ClInclude>
    <ClInclude Include="External Dependencies\ResourceManager\JSONReader.h">
      <Filter>ExternalResourceManager</Filter>
    </ClInclude>
    <ClInclude Include="External Dependencies\ResourceManager\ResourceManager.h">
      <Filter>ExternalResourceManager</Filter>
    </ClInclude>
    <ClInclude Include="External Dependencies\SimpleJSON\JSON.h">
      <Filter>ExternalResourceManager</Filter>
    </ClInclude>
    <ClInclude Include="External Dependencies\SimpleJSON\JSONValue.h">
      <Filter>ExternalResourceManager</Filter>
    </ClInclude>
  </ItemGroup>
</Project>