<?xml version="1.0" encoding="utf-8"?>
<Project ToolsVersion="4.0" xmlns="http://schemas.microsoft.com/developer/msbuild/2003">
  <ItemGroup>
    <Filter Include="Source Files">
      <UniqueIdentifier>{4FC737F1-C7A5-4376-A066-2A32D752A2FF}</UniqueIdentifier>
      <Extensions>cpp;c;cc;cxx;def;odl;idl;hpj;bat;asm;asmx</Extensions>
    </Filter>
    <Filter Include="ExternalResourceManager">
      <UniqueIdentifier>{737ce435-176f-44f1-88d2-0af529344cbe}</UniqueIdentifier>
    </Filter>
    <Filter Include="Header Files">
      <UniqueIdentifier>{93995380-89BD-4b04-88EB-625FBE52EBFB}</UniqueIdentifier>
      <Extensions>h;hh;hpp;hxx;hm;inl;inc;xsd</Extensions>
    </Filter>
  </ItemGroup>
  <ItemGroup>
    <ClCompile Include="External Dependencies\ResourceManager\JSONReader.cpp">
      <Filter>ExternalResourceManager</Filter>
    </ClCompile>
    <ClCompile Include="External Dependencies\ResourceManager\ResourceManager.cpp">
      <Filter>ExternalResourceManager</Filter>
    </ClCompile>
    <ClCompile Include="External Dependencies\SimpleJSON\JSON.cpp">
      <Filter>ExternalResourceManager</Filter>
    </ClCompile>
    <ClCompile Include="External Dependencies\SimpleJSON\JSONValue.cpp">
      <Filter>ExternalResourceManager</Filter>
    </ClCompile>
    <ClCompile Include="src\AISystem.cpp">
      <Filter>Source Files</Filter>
    </ClCompile>
    <ClCompile Include="src\AttackSystem.cpp">
      <Filter>Source Files</Filter>
    </ClCompile>
    <ClCompile Include="src\BasicEnemy.cpp">
      <Filter>Source Files</Filter>
    </ClCompile>
    <ClCompile Include="src\BattleMap.cpp">
      <Filter>Source Files</Filter>
    </ClCompile>
    <ClCompile Include="src\ButtonSystem.cpp">
      <Filter>Source Files</Filter>
    </ClCompile>
    <ClCompile Include="src\CollisionSystem.cpp">
      <Filter>Source Files</Filter>
    </ClCompile>
    <ClCompile Include="src\ControlSystem.cpp">
      <Filter>Source Files</Filter>
    </ClCompile>
    <ClCompile Include="src\Entity.cpp">
      <Filter>Source Files</Filter>
    </ClCompile>
    <ClCompile Include="src\GrassTileFactory.cpp">
      <Filter>Source Files</Filter>
    </ClCompile>
    <ClCompile Include="src\HealthSystem.cpp">
      <Filter>Source Files</Filter>
    </ClCompile>
    <ClCompile Include="src\InputHandler.cpp">
      <Filter>Source Files</Filter>
    </ClCompile>
    <ClCompile Include="src\LTimer.cpp">
      <Filter>Source Files</Filter>
    </ClCompile>
    <ClCompile Include="src\main.cpp">
      <Filter>Source Files</Filter>
    </ClCompile>
    <ClCompile Include="src\MovementSystem.cpp">
      <Filter>Source Files</Filter>
    </ClCompile>
    <ClCompile Include="src\Princess.cpp">
      <Filter>Source Files</Filter>
    </ClCompile>
    <ClCompile Include="src\RenderSystem.cpp">
      <Filter>Source Files</Filter>
    </ClCompile>
    <ClCompile Include="src\System.cpp">
      <Filter>Source Files</Filter>
    </ClCompile>
    <ClCompile Include="src\SystemManager.cpp">
      <Filter>Source Files</Filter>
    </ClCompile>
    <ClCompile Include="src\TextRenderSystem.cpp">
      <Filter>Source Files</Filter>
    </ClCompile>
    <ClCompile Include="src\TownInstance.cpp">
      <Filter>Source Files</Filter>
    </ClCompile>
    <ClCompile Include="src\WorldMap.cpp">
      <Filter>Source Files</Filter>
    </ClCompile>
    <ClCompile Include="src\WorldTileFactory.cpp">
      <Filter>Source Files</Filter>
    </ClCompile>
    <ClCompile Include="src\InstanceManager.cpp">
      <Filter>Source Files</Filter>
    </ClCompile>
    <ClCompile Include="src\StartInstance.cpp">
      <Filter>Source Files</Filter>
    </ClCompile>
    <ClCompile Include="src\AchievementHandler.cpp">
      <Filter>Source Files</Filter>
    </ClCompile>
    <ClCompile Include="src\ConcreteObserver.cpp">
      <Filter>Source Files</Filter>
    </ClCompile>
    <ClCompile Include="src\ConcreteSubject.cpp">
      <Filter>Source Files</Filter>
    </ClCompile>
    <ClCompile Include="src\Subject.cpp">
      <Filter>Source Files</Filter>
    </ClCompile>
    <ClCompile Include="src\Decisions.cpp">
      <Filter>Source Files</Filter>
    </ClCompile>
    <ClCompile Include="src\TreeNodes.cpp">
      <Filter>Source Files</Filter>
    </ClCompile>
    <ClCompile Include="src\SoundSystem.cpp">
      <Filter>Source Files</Filter>
    </ClCompile>
    <ClCompile Include="src\DungeonMap.cpp">
      <Filter>Source Files</Filter>
    </ClCompile>
    <ClCompile Include="src\DungeonTileFactory.cpp">
      <Filter>Source Files</Filter>
    </ClCompile>
    <ClCompile Include="src\InstanceManager.cpp">
      <Filter>Source Files</Filter>
    </ClCompile>
    <ClCompile Include="src\MementoCaretaker.cpp">
      <Filter>Source Files</Filter>
    </ClCompile>
    <ClCompile Include="src\Pickup.cpp">
      <Filter>Source Files</Filter>
    </ClCompile>
    <ClCompile Include="src\Quad.cpp">
      <Filter>Source Files</Filter>
    </ClCompile>
    <ClCompile Include="src\ShopInstance.cpp">
      <Filter>Source Files</Filter>
    </ClCompile>
    <ClCompile Include="src\GameOverInstance.cpp">
      <Filter>Source Files</Filter>
    </ClCompile>
    <ClCompile Include="src\AStar.cpp">
      <Filter>Source Files</Filter>
    </ClCompile>
    <ClCompile Include="src\MenuInstance.cpp">
      <Filter>Source Files</Filter>
    </ClCompile>
    <ClCompile Include="src\OptionsInstance.cpp">
      <Filter>Source Files</Filter>
    </ClCompile>
    <ClCompile Include="src\Client.cpp">
      <Filter>Source Files</Filter>
    </ClCompile>
    <ClCompile Include="src\MenuSystem.cpp">
      <Filter>Source Files</Filter>
    </ClCompile>
    <ClCompile Include="src\NetworkSystem.cpp">
      <Filter>Source Files</Filter>
    </ClCompile>
    <ClCompile Include="src\Packet.cpp">
      <Filter>Source Files</Filter>
    </ClCompile>
  </ItemGroup>
  <ItemGroup>
    <ClInclude Include="External Dependencies\ResourceManager\JSONReader.h">
      <Filter>ExternalResourceManager</Filter>
    </ClInclude>
    <ClInclude Include="External Dependencies\ResourceManager\ResourceManager.h">
      <Filter>ExternalResourceManager</Filter>
    </ClInclude>
    <ClInclude Include="External Dependencies\SimpleJSON\JSON.h">
      <Filter>ExternalResourceManager</Filter>
    </ClInclude>
    <ClInclude Include="External Dependencies\SimpleJSON\JSONValue.h">
      <Filter>ExternalResourceManager</Filter>
    </ClInclude>
    <ClInclude Include="include\ButtonComponent.h">
      <Filter>Header Files</Filter>
    </ClInclude>
    <ClInclude Include="include\InstanceManager.h">
      <Filter>Header Files</Filter>
    </ClInclude>
    <ClInclude Include="include\AchievementHandler.h">
      <Filter>Header Files</Filter>
    </ClInclude>
    <ClInclude Include="include\AiLogicComponent.h">
      <Filter>Header Files</Filter>
    </ClInclude>
    <ClInclude Include="include\AISystem.h">
      <Filter>Header Files</Filter>
    </ClInclude>
    <ClInclude Include="include\AttackComponent.h">
      <Filter>Header Files</Filter>
    </ClInclude>
    <ClInclude Include="include\AttackSystem.h">
      <Filter>Header Files</Filter>
    </ClInclude>
    <ClInclude Include="include\AttributesComponent.h">
      <Filter>Header Files</Filter>
    </ClInclude>
    <ClInclude Include="include\BasicEnemy.h">
      <Filter>Header Files</Filter>
    </ClInclude>
    <ClInclude Include="include\BattleMap.h">
      <Filter>Header Files</Filter>
    </ClInclude>
    <ClInclude Include="include\ButtonComponent.h">
      <Filter>Header Files</Filter>
    </ClInclude>
    <ClInclude Include="include\ButtonSystem.h">
      <Filter>Header Files</Filter>
    </ClInclude>
    <ClInclude Include="include\Character.h">
      <Filter>Header Files</Filter>
    </ClInclude>
    <ClInclude Include="include\CollisionComponent.h">
      <Filter>Header Files</Filter>
    </ClInclude>
    <ClInclude Include="include\CollisionSystem.h">
      <Filter>Header Files</Filter>
    </ClInclude>
    <ClInclude Include="include\Component.h">
      <Filter>Header Files</Filter>
    </ClInclude>
    <ClInclude Include="include\ConcreteObserver.h">
      <Filter>Header Files</Filter>
    </ClInclude>
    <ClInclude Include="include\ConcreteSubject.h">
      <Filter>Header Files</Filter>
    </ClInclude>
    <ClInclude Include="include\ControlComponent.h">
      <Filter>Header Files</Filter>
    </ClInclude>
    <ClInclude Include="include\ControlSystem.h">
      <Filter>Header Files</Filter>
    </ClInclude>
    <ClInclude Include="include\CurrencyComponent.h">
      <Filter>Header Files</Filter>
    </ClInclude>
    <ClInclude Include="include\DecisionTree.h">
      <Filter>Header Files</Filter>
    </ClInclude>
    <ClInclude Include="include\DungeonMap.h">
      <Filter>Header Files</Filter>
    </ClInclude>
    <ClInclude Include="include\DungeonTileFactory.h">
      <Filter>Header Files</Filter>
    </ClInclude>
    <ClInclude Include="include\Entity.h">
      <Filter>Header Files</Filter>
    </ClInclude>
    <ClInclude Include="include\EventListener.h">
      <Filter>Header Files</Filter>
    </ClInclude>
    <ClInclude Include="include\Factory.h">
      <Filter>Header Files</Filter>
    </ClInclude>
    <ClInclude Include="include\GoldComponent.h">
      <Filter>Header Files</Filter>
    </ClInclude>
    <ClInclude Include="include\GrassTileFactory.h">
      <Filter>Header Files</Filter>
    </ClInclude>
    <ClInclude Include="include\HealthSystem.h">
      <Filter>Header Files</Filter>
    </ClInclude>
    <ClInclude Include="include\InputHandler.h">
      <Filter>Header Files</Filter>
    </ClInclude>
    <ClInclude Include="include\Instance.h">
      <Filter>Header Files</Filter>
    </ClInclude>
    <ClInclude Include="include\InstanceManager.h">
      <Filter>Header Files</Filter>
    </ClInclude>
    <ClInclude Include="include\LTimer.h">
      <Filter>Header Files</Filter>
    </ClInclude>
    <ClInclude Include="include\MenuComponent.h">
      <Filter>Header Files</Filter>
    </ClInclude>
    <ClInclude Include="include\MovementComponent.h">
      <Filter>Header Files</Filter>
    </ClInclude>
    <ClInclude Include="include\MovementSystem.h">
      <Filter>Header Files</Filter>
    </ClInclude>
    <ClInclude Include="include\MusicComponent.h">
      <Filter>Header Files</Filter>
    </ClInclude>
    <ClInclude Include="include\Observer.h">
      <Filter>Header Files</Filter>
    </ClInclude>
    <ClInclude Include="include\Pickup.h">
      <Filter>Header Files</Filter>
    </ClInclude>
    <ClInclude Include="include\PickupFactory.h">
      <Filter>Header Files</Filter>
    </ClInclude>
    <ClInclude Include="include\PositionComponent.h">
      <Filter>Header Files</Filter>
    </ClInclude>
    <ClInclude Include="include\Princess.h">
      <Filter>Header Files</Filter>
    </ClInclude>
    <ClInclude Include="include\ProjectileComponent.h">
      <Filter>Header Files</Filter>
    </ClInclude>
    <ClInclude Include="include\Quad.h">
      <Filter>Header Files</Filter>
    </ClInclude>
    <ClInclude Include="include\RenderSystem.h">
      <Filter>Header Files</Filter>
    </ClInclude>
    <ClInclude Include="include\SeekComponent.h">
      <Filter>Header Files</Filter>
    </ClInclude>
    <ClInclude Include="include\ShopInstance.h">
      <Filter>Header Files</Filter>
    </ClInclude>
    <ClInclude Include="include\SoundComponent.h">
      <Filter>Header Files</Filter>
    </ClInclude>
    <ClInclude Include="include\SoundSystem.h">
      <Filter>Header Files</Filter>
    </ClInclude>
    <ClInclude Include="include\SpriteComponent.h">
      <Filter>Header Files</Filter>
    </ClInclude>
    <ClInclude Include="include\StartInstance.h">
      <Filter>Header Files</Filter>
    </ClInclude>
    <ClInclude Include="include\StateManager.h">
      <Filter>Header Files</Filter>
    </ClInclude>
    <ClInclude Include="include\stdafx.h">
      <Filter>Header Files</Filter>
    </ClInclude>
    <ClInclude Include="include\Subject.h">
      <Filter>Header Files</Filter>
    </ClInclude>
    <ClInclude Include="include\System.h">
      <Filter>Header Files</Filter>
    </ClInclude>
    <ClInclude Include="include\SystemManager.h">
      <Filter>Header Files</Filter>
    </ClInclude>
    <ClInclude Include="include\TextComponent.h">
      <Filter>Header Files</Filter>
    </ClInclude>
    <ClInclude Include="include\TextRenderSystem.h">
      <Filter>Header Files</Filter>
    </ClInclude>
    <ClInclude Include="include\TileFactory.h">
      <Filter>Header Files</Filter>
    </ClInclude>
    <ClInclude Include="include\TownInstance.h">
      <Filter>Header Files</Filter>
    </ClInclude>
    <ClInclude Include="include\TreeNodes.h">
      <Filter>Header Files</Filter>
    </ClInclude>
    <ClInclude Include="include\WeaponComponent.h">
      <Filter>Header Files</Filter>
    </ClInclude>
    <ClInclude Include="include\WeaponType.h">
      <Filter>Header Files</Filter>
    </ClInclude>
    <ClInclude Include="include\WorldMap.h">
      <Filter>Header Files</Filter>
    </ClInclude>
    <ClInclude Include="include\WorldTileFactory.h">
      <Filter>Header Files</Filter>
    </ClInclude>
    <ClInclude Include="include\AttributesMomento.h">
      <Filter>Header Files</Filter>
    </ClInclude>
    <ClInclude Include="include\MementoCaretaker.h">
      <Filter>Header Files</Filter>
    </ClInclude>
    <ClInclude Include="include\GameOverInstance.h">
      <Filter>Header Files</Filter>
    </ClInclude>
    <ClInclude Include="include\CurrencyMomento.h">
      <Filter>Header Files</Filter>
    </ClInclude>
    <ClInclude Include="include\AStar.h">
      <Filter>Header Files</Filter>
    </ClInclude>
    <ClInclude Include="include\Graph.h">
      <Filter>Header Files</Filter>
    </ClInclude>
    <ClInclude Include="include\GraphArc.h">
      <Filter>Header Files</Filter>
    </ClInclude>
    <ClInclude Include="include\GraphNode.h">
      <Filter>Header Files</Filter>
    </ClInclude>
    <ClInclude Include="include\MenuInstance.h">
      <Filter>Header Files</Filter>
    </ClInclude>
    <ClInclude Include="include\OptionsInstance.h">
      <Filter>Header Files</Filter>
    </ClInclude>
    <ClInclude Include="include\Client.h">
      <Filter>Header Files</Filter>
    </ClInclude>
    <ClInclude Include="include\ClientInfo.h">
      <Filter>Header Files</Filter>
    </ClInclude>
    <ClInclude Include="include\NetworkIDComponent.h">
      <Filter>Header Files</Filter>
    </ClInclude>
    <ClInclude Include="include\NetworkSystem.h">
      <Filter>Header Files</Filter>
    </ClInclude>
    <ClInclude Include="include\Packet.h">
      <Filter>Header Files</Filter>
    </ClInclude>
    <ClInclude Include="include\PacketType.h">
      <Filter>Header Files</Filter>
    </ClInclude>
  </ItemGroup>
</Project>